
Microsoft Visual Studio Solution File, Format Version 12.00
# Visual Studio Version 17
VisualStudioVersion = 17.3.32922.545
MinimumVisualStudioVersion = 10.0.40219.1
Project("{9A19103F-16F7-4668-BE54-9A1E7A4F7556}") = "RUTS", "RUTS.csproj", "{1BA9FB76-A2F6-4DBB-8088-5686DB10831F}"
EndProject
Global
	GlobalSection(SolutionConfigurationPlatforms) = preSolution
		Debug|Any CPU = Debug|Any CPU
		Release|Any CPU = Release|Any CPU
	EndGlobalSection
	GlobalSection(ProjectConfigurationPlatforms) = postSolution
		{1BA9FB76-A2F6-4DBB-8088-5686DB10831F}.Debug|Any CPU.ActiveCfg = Debug|Any CPU
		{1BA9FB76-A2F6-4DBB-8088-5686DB10831F}.Debug|Any CPU.Build.0 = Debug|Any CPU
		{1BA9FB76-A2F6-4DBB-8088-5686DB10831F}.Release|Any CPU.ActiveCfg = Release|Any CPU
		{1BA9FB76-A2F6-4DBB-8088-5686DB10831F}.Release|Any CPU.Build.0 = Release|Any CPU
	EndGlobalSection
	GlobalSection(SolutionProperties) = preSolution
		HideSolutionNode = FALSE
	EndGlobalSection
	GlobalSection(ExtensibilityGlobals) = postSolution
		SolutionGuid = {D506D082-A6F2-4262-A681-EF821967E06E}
	EndGlobalSection
EndGlobal
